
Microsoft Visual Studio Solution File, Format Version 12.00
Project("{FAE04EC0-301F-11D3-BF4B-00C04F79EFBC}") = "BibliotecaUteco", "BibliotecaUteco\BibliotecaUteco\BibliotecaUteco.csproj", "{1C9D3C9D-B1B7-47CA-B7CE-87228E812E9C}"
EndProject
Project("{FAE04EC0-301F-11D3-BF4B-00C04F79EFBC}") = "BibliotecaUteco.Client", "BibliotecaUteco\BibliotecaUteco.Client\BibliotecaUteco.Client.csproj", "{D95D8E35-05A4-4D69-B47B-FEC88664C4A7}"
EndProject
Global
	GlobalSection(SolutionConfigurationPlatforms) = preSolution
		Debug|Any CPU = Debug|Any CPU
		Release|Any CPU = Release|Any CPU
	EndGlobalSection
	GlobalSection(ProjectConfigurationPlatforms) = postSolution
		{1C9D3C9D-B1B7-47CA-B7CE-87228E812E9C}.Debug|Any CPU.ActiveCfg = Debug|Any CPU
		{1C9D3C9D-B1B7-47CA-B7CE-87228E812E9C}.Debug|Any CPU.Build.0 = Debug|Any CPU
		{1C9D3C9D-B1B7-47CA-B7CE-87228E812E9C}.Release|Any CPU.ActiveCfg = Release|Any CPU
		{1C9D3C9D-B1B7-47CA-B7CE-87228E812E9C}.Release|Any CPU.Build.0 = Release|Any CPU
		{D95D8E35-05A4-4D69-B47B-FEC88664C4A7}.Debug|Any CPU.ActiveCfg = Debug|Any CPU
		{D95D8E35-05A4-4D69-B47B-FEC88664C4A7}.Debug|Any CPU.Build.0 = Debug|Any CPU
		{D95D8E35-05A4-4D69-B47B-FEC88664C4A7}.Release|Any CPU.ActiveCfg = Release|Any CPU
		{D95D8E35-05A4-4D69-B47B-FEC88664C4A7}.Release|Any CPU.Build.0 = Release|Any CPU
	EndGlobalSection
EndGlobal
